{
  "name": "async-context",
  "version": "1.0.0",
  "lockfileVersion": 3,
  "requires": true,
  "packages": {
    "": {
      "name": "async-context",
      "version": "1.0.0",
      "license": "ISC",
      "dependencies": {
        "prevent-undefined": "^3.0.1",
        "runtime-typesafety": "^3.0.0",
        "vanilla-schema-validator": "^3.0.1"
      }
    },
    "node_modules/fold-args": {
      "version": "1.0.2",
      "resolved": "https://registry.npmjs.org/fold-args/-/fold-args-1.0.2.tgz",
      "integrity": "sha512-wM5tcgMsyUHmiLWthnUCve+nhYL/LnsGcsk247jcvrJPgOV2ede13/ED9pwwsZdHfOxGl1GTRRdPhCOoWHgbXw=="
    },
    "node_modules/prevent-undefined": {
      "version": "3.0.1",
      "resolved": "https://registry.npmjs.org/prevent-undefined/-/prevent-undefined-3.0.1.tgz",
      "integrity": "sha512-MY1dj/naP8Hpee+B8G7PBuobwcSFsyUsMWx4O1XJnywy/3LzwoG+2w18CtnBnTfVrkvcZqOtuL2GTdhXUs9Jjw==",
      "dependencies": {
        "vanilla-schema-validator": "^3.0.0"
      }
    },
    "node_modules/runtime-typesafety": {
      "version": "3.0.0",
      "resolved": "https://registry.npmjs.org/runtime-typesafety/-/runtime-typesafety-3.0.0.tgz",
      "integrity": "sha512-Bi11xmlvJM0vyGTQQwDUYmyuwBmUiHNcJTZcpeStdT1+9hHirbXdaSg3z5yzcrRU9kJ7YJPb+ZLOXnUgNT2tGw==",
      "dependencies": {
        "fold-args": "^1.0.1",
        "prevent-undefined": "^3.0.0",
        "vanilla-schema-validator": "^3.0.1"
      }
    },
    "node_modules/vanilla-schema-validator": {
      "version": "3.0.1",
      "resolved": "https://registry.npmjs.org/vanilla-schema-validator/-/vanilla-schema-validator-3.0.1.tgz",
      "integrity": "sha512-I3oZrKvCyzIcaZHbKa47hGJvxXe6mUkiLqyddLcLXdvKqy/UMHeDZBfaOZNEI8UWneeKdlhmHtvZ75G5yyjP1Q=="
    }
  }
}
